{
  "version": 4,
  "terraform_version": "1.3.0",
  "serial": 6,
  "lineage": "2a9e8e9d-d6f9-7178-1f07-a892a00a89c6",
  "outputs": {
    "container_id": {
      "value": "8991bb04a9ebe9eb5797571c17e79646b0adb58a41afaa00b3159170c9db2016",
      "type": "string"
    },
    "image_id": {
      "value": "sha256:2d389e545974d4a93ebdef09b650753a55f72d1ab4518d17a30c0e1b3e297444nginx:latest",
      "type": "string"
    }
  },
  "resources": [
    {
      "mode": "managed",
      "type": "docker_container",
      "name": "nginx",
      "provider": "provider[\"registry.terraform.io/kreuzwerker/docker\"]",
      "instances": [
        {
          "status": "tainted",
          "schema_version": 2,
          "attributes": {
            "attach": false,
            "bridge": null,
            "capabilities": [],
            "command": null,
            "container_logs": null,
            "cpu_set": null,
            "cpu_shares": null,
            "destroy_grace_seconds": null,
            "devices": [],
            "dns": null,
            "dns_opts": null,
            "dns_search": null,
            "domainname": null,
            "entrypoint": null,
            "env": [],
            "exit_code": null,
            "gateway": null,
            "group_add": null,
            "healthcheck": null,
            "host": [],
            "hostname": null,
            "id": "5a2ce7d644b2d3271e710a49d3df76fa3692867eab40d20dab6ccfe0beb6bda1",
            "image": "sha256:2d389e545974d4a93ebdef09b650753a55f72d1ab4518d17a30c0e1b3e297444",
            "init": null,
            "ip_address": null,
            "ip_prefix_length": null,
            "ipc_mode": null,
            "labels": [],
            "links": null,
            "log_driver": "json-file",
            "log_opts": null,
            "logs": false,
            "max_retry_count": null,
            "memory": null,
            "memory_swap": null,
            "mounts": [],
            "must_run": true,
            "name": "NginxContainer",
            "network_alias": null,
            "network_data": null,
            "network_mode": null,
            "networks": null,
            "networks_advanced": [],
            "pid_mode": null,
            "ports": [
              {
                "external": 8080,
                "internal": 80,
                "ip": "0.0.0.0",
                "protocol": "tcp"
              }
            ],
            "privileged": null,
            "publish_all_ports": null,
            "read_only": false,
            "remove_volumes": true,
            "restart": "no",
            "rm": false,
            "security_opts": [],
            "shm_size": null,
            "start": true,
            "stdin_open": false,
            "sysctls": null,
            "tmpfs": null,
            "tty": false,
            "ulimit": [],
            "upload": [],
            "user": null,
            "userns_mode": null,
            "volumes": [],
            "working_dir": null
          },
          "sensitive_attributes": [],
          "private": "eyJzY2hlbWFfdmVyc2lvbiI6IjIifQ==",
          "dependencies": [
            "docker_image.nginx"
          ]
        }
      ]
    },
    {
      "mode": "managed",
      "type": "docker_image",
      "name": "nginx",
      "provider": "provider[\"registry.terraform.io/kreuzwerker/docker\"]",
      "instances": [
        {
          "schema_version": 0,
          "attributes": {
            "build": [],
            "force_remove": null,
            "id": "sha256:2d389e545974d4a93ebdef09b650753a55f72d1ab4518d17a30c0e1b3e297444nginx:latest",
            "keep_locally": false,
            "latest": "sha256:2d389e545974d4a93ebdef09b650753a55f72d1ab4518d17a30c0e1b3e297444",
            "name": "nginx:latest",
            "output": null,
            "pull_trigger": null,
            "pull_triggers": null,
            "repo_digest": "nginx@sha256:0b970013351304af46f322da1263516b188318682b2ab1091862497591189ff1"
          },
          "sensitive_attributes": [],
          "private": "bnVsbA=="
        }
      ]
    }
  ],
  "check_results": []
}