{
  "version": 4,
  "terraform_version": "1.3.0",
  "serial": 32,
  "lineage": "0c2d2d25-053b-5179-725b-58aac30be497",
  "outputs": {
    "external_ip_address_vm": {
      "value": "158.160.11.99",
      "type": "string"
    },
    "internal_ip_address_vm": {
      "value": "192.168.10.6",
      "type": "string"
    }
  },
  "resources": [
    {
      "mode": "managed",
      "type": "yandex_compute_instance",
      "name": "vm",
      "provider": "provider[\"registry.terraform.io/yandex-cloud/yandex\"]",
      "instances": [
        {
          "schema_version": 1,
          "attributes": {
            "allow_recreate": null,
            "allow_stopping_for_update": null,
            "boot_disk": [
              {
                "auto_delete": true,
                "device_name": "epdpv5g0b0der6g3cljv",
                "disk_id": "epdpv5g0b0der6g3cljv",
                "initialize_params": [
                  {
                    "block_size": 4096,
                    "description": "",
                    "image_id": "fd80jdh4pvsj48qftb3d",
                    "name": "",
                    "size": 3,
                    "snapshot_id": "",
                    "type": "network-hdd"
                  }
                ],
                "mode": "READ_WRITE"
              }
            ],
            "created_at": "2022-10-12T14:01:11Z",
            "description": "",
            "folder_id": "b1gcnt3oqc7k7s496ps7",
            "fqdn": "epd0ss9ifd7ffsh8id8i.auto.internal",
            "hostname": "",
            "id": "epd0ss9ifd7ffsh8id8i",
            "labels": {},
            "local_disk": [],
            "metadata": {
              "ssh-keys": "ubuntu:ssh-rsa AAAAB3NzaC1yc2EAAAADAQABAAABgQDHEjtdmjqG/zOn6rBNENY4Ujm//QC4CMgSIBUrKf7Rfi/m38jEoyFGB2Z314DIXfOJVbpy5FaYZVU3wqpBNA81ZQyHCiOq084ibxyD8vcKjnOdx2hreR4SUcyDlG+tPEljWwTbQmIDNEg6Pl+wqeYzZoG/Z+JLhvk3rwGspYtcTsKklOpBWHde4H/yQrtOkaM9Hk1++sg6yMPlDL5LdWnBqjEwYHEmIK3i3Qu+KUOoh8IPcRSOdSm5mi8BKuTOpi5MNxDuyWAWI/+C00KXLgOXFnutwSghNiuE23P+Uo7y3UjVKVR4UL9TmiIqeHjeuoUdSgvLG7EI4ouZWvD0W4/x5RYoXyERkkHm5K+ux+nqX1GyFpxZlZtlDRvQpt2s17P7qDAsKYIwC2y0jzL6NzBXAJ8Mohvzi8XKESqBYJnHitA/JBrx1YuMSZ2PDCWbePdZPNYrnwY5LRyMgjKkVmoPk1lJHvUfZ54RJz2pPwM6YChBSHvjsNEb6S0S2zU0Klc= user@nurdaulet.local\n"
            },
            "name": "vm1",
            "network_acceleration_type": "standard",
            "network_interface": [
              {
                "dns_record": [],
                "index": 0,
                "ip_address": "192.168.10.6",
                "ipv4": true,
                "ipv6": false,
                "ipv6_address": "",
                "ipv6_dns_record": [],
                "mac_address": "d0:0d:e7:13:27:b4",
                "nat": true,
                "nat_dns_record": [],
                "nat_ip_address": "158.160.11.99",
                "nat_ip_version": "IPV4",
                "security_group_ids": [],
                "subnet_id": "e2lh3bh7tst3l7da6vu2"
              }
            ],
            "placement_policy": [
              {
                "host_affinity_rules": [],
                "placement_group_id": ""
              }
            ],
            "platform_id": "standard-v1",
            "resources": [
              {
                "core_fraction": 100,
                "cores": 2,
                "gpus": 0,
                "memory": 2
              }
            ],
            "scheduling_policy": [
              {
                "preemptible": false
              }
            ],
            "secondary_disk": [],
            "service_account_id": "",
            "status": "running",
            "timeouts": null,
            "zone": "ru-central1-b"
          },
          "sensitive_attributes": [],
          "private": "eyJlMmJmYjczMC1lY2FhLTExZTYtOGY4OC0zNDM2M2JjN2M0YzAiOnsiY3JlYXRlIjozMDAwMDAwMDAwMDAsImRlbGV0ZSI6MzAwMDAwMDAwMDAwLCJ1cGRhdGUiOjMwMDAwMDAwMDAwMH0sInNjaGVtYV92ZXJzaW9uIjoiMSJ9",
          "dependencies": [
            "yandex_vpc_network.network-1",
            "yandex_vpc_subnet.subnet-1"
          ]
        }
      ]
    },
    {
      "mode": "managed",
      "type": "yandex_vpc_network",
      "name": "network-1",
      "provider": "provider[\"registry.terraform.io/yandex-cloud/yandex\"]",
      "instances": [
        {
          "schema_version": 0,
          "attributes": {
            "created_at": "2022-10-12T14:01:07Z",
            "default_security_group_id": "",
            "description": "",
            "folder_id": "b1gcnt3oqc7k7s496ps7",
            "id": "enpiflh904sfdnpi2s68",
            "labels": {},
            "name": "",
            "subnet_ids": [
              "e2lh3bh7tst3l7da6vu2"
            ],
            "timeouts": null
          },
          "sensitive_attributes": [],
          "private": "eyJlMmJmYjczMC1lY2FhLTExZTYtOGY4OC0zNDM2M2JjN2M0YzAiOnsiY3JlYXRlIjo2MDAwMDAwMDAwMCwiZGVsZXRlIjo2MDAwMDAwMDAwMCwidXBkYXRlIjo2MDAwMDAwMDAwMH19"
        }
      ]
    },
    {
      "mode": "managed",
      "type": "yandex_vpc_subnet",
      "name": "subnet-1",
      "provider": "provider[\"registry.terraform.io/yandex-cloud/yandex\"]",
      "instances": [
        {
          "schema_version": 0,
          "attributes": {
            "created_at": "2022-10-12T14:01:09Z",
            "description": "",
            "dhcp_options": [],
            "folder_id": "b1gcnt3oqc7k7s496ps7",
            "id": "e2lh3bh7tst3l7da6vu2",
            "labels": {},
            "name": "subnet-1",
            "network_id": "enpiflh904sfdnpi2s68",
            "route_table_id": "",
            "timeouts": null,
            "v4_cidr_blocks": [
              "192.168.10.0/24"
            ],
            "v6_cidr_blocks": [],
            "zone": "ru-central1-b"
          },
          "sensitive_attributes": [],
          "private": "eyJlMmJmYjczMC1lY2FhLTExZTYtOGY4OC0zNDM2M2JjN2M0YzAiOnsiY3JlYXRlIjoxODAwMDAwMDAwMDAsImRlbGV0ZSI6MTgwMDAwMDAwMDAwLCJ1cGRhdGUiOjE4MDAwMDAwMDAwMH19",
          "dependencies": [
            "yandex_vpc_network.network-1"
          ]
        }
      ]
    }
  ],
  "check_results": null
}